
Microsoft Visual Studio Solution File, Format Version 12.00
# Visual Studio Version 17
VisualStudioVersion = 17.12.35527.113 d17.12
MinimumVisualStudioVersion = 10.0.40219.1
Project("{FAE04EC0-301F-11D3-BF4B-00C04F79EFBC}") = "FinalWork", "FinalWork\FinalWork.csproj", "{CAE80442-180E-4B23-AE07-9574949E2879}"
EndProject
Project("{FAE04EC0-301F-11D3-BF4B-00C04F79EFBC}") = "ServiceLayer", "ServiceLayer\ServiceLayer.csproj", "{DE59F195-349F-43A4-862D-E31E88335BA3}"
EndProject
Project("{FAE04EC0-301F-11D3-BF4B-00C04F79EFBC}") = "WebAPI", "WebAPI\WebAPI.csproj", "{FEF8C88D-2754-4358-9EFC-794E281EDC4D}"
EndProject
Global
	GlobalSection(SolutionConfigurationPlatforms) = preSolution
		Debug|Any CPU = Debug|Any CPU
		Release|Any CPU = Release|Any CPU
	EndGlobalSection
	GlobalSection(ProjectConfigurationPlatforms) = postSolution
		{CAE80442-180E-4B23-AE07-9574949E2879}.Debug|Any CPU.ActiveCfg = Debug|Any CPU
		{CAE80442-180E-4B23-AE07-9574949E2879}.Debug|Any CPU.Build.0 = Debug|Any CPU
		{CAE80442-180E-4B23-AE07-9574949E2879}.Release|Any CPU.ActiveCfg = Release|Any CPU
		{CAE80442-180E-4B23-AE07-9574949E2879}.Release|Any CPU.Build.0 = Release|Any CPU
		{DE59F195-349F-43A4-862D-E31E88335BA3}.Debug|Any CPU.ActiveCfg = Debug|Any CPU
		{DE59F195-349F-43A4-862D-E31E88335BA3}.Debug|Any CPU.Build.0 = Debug|Any CPU
		{DE59F195-349F-43A4-862D-E31E88335BA3}.Release|Any CPU.ActiveCfg = Release|Any CPU
		{DE59F195-349F-43A4-862D-E31E88335BA3}.Release|Any CPU.Build.0 = Release|Any CPU
		{FEF8C88D-2754-4358-9EFC-794E281EDC4D}.Debug|Any CPU.ActiveCfg = Debug|Any CPU
		{FEF8C88D-2754-4358-9EFC-794E281EDC4D}.Debug|Any CPU.Build.0 = Debug|Any CPU
		{FEF8C88D-2754-4358-9EFC-794E281EDC4D}.Release|Any CPU.ActiveCfg = Release|Any CPU
		{FEF8C88D-2754-4358-9EFC-794E281EDC4D}.Release|Any CPU.Build.0 = Release|Any CPU
	EndGlobalSection
	GlobalSection(SolutionProperties) = preSolution
		HideSolutionNode = FALSE
	EndGlobalSection
EndGlobal
